
Microsoft Visual Studio Solution File, Format Version 12.00
# Visual Studio 14
VisualStudioVersion = 14.0.25420.1
MinimumVisualStudioVersion = 10.0.40219.1
Project("{FAE04EC0-301F-11D3-BF4B-00C04F79EFBC}") = "LibraryApp.API", "LibraryApp.API\LibraryApp.API.csproj", "{A2ED086A-0D66-4778-B1DA-41690D12AAB5}"
EndProject
Project("{FAE04EC0-301F-11D3-BF4B-00C04F79EFBC}") = "LibraryApp.WEB", "LibraryApp.WEB\LibraryApp.WEB.csproj", "{4CC95DDA-F317-4548-8959-BB9D8FCC8FEE}"
EndProject
Project("{FAE04EC0-301F-11D3-BF4B-00C04F79EFBC}") = "LibraryApp.Common", "LibraryApp.Common\LibraryApp.Common.csproj", "{63B0A381-9719-49E4-854F-F0BF6E9F9506}"
EndProject
Global
	GlobalSection(SolutionConfigurationPlatforms) = preSolution
		Debug|Any CPU = Debug|Any CPU
		Release|Any CPU = Release|Any CPU
	EndGlobalSection
	GlobalSection(ProjectConfigurationPlatforms) = postSolution
		{A2ED086A-0D66-4778-B1DA-41690D12AAB5}.Debug|Any CPU.ActiveCfg = Debug|Any CPU
		{A2ED086A-0D66-4778-B1DA-41690D12AAB5}.Debug|Any CPU.Build.0 = Debug|Any CPU
		{A2ED086A-0D66-4778-B1DA-41690D12AAB5}.Release|Any CPU.ActiveCfg = Release|Any CPU
		{A2ED086A-0D66-4778-B1DA-41690D12AAB5}.Release|Any CPU.Build.0 = Release|Any CPU
		{4CC95DDA-F317-4548-8959-BB9D8FCC8FEE}.Debug|Any CPU.ActiveCfg = Debug|Any CPU
		{4CC95DDA-F317-4548-8959-BB9D8FCC8FEE}.Debug|Any CPU.Build.0 = Debug|Any CPU
		{4CC95DDA-F317-4548-8959-BB9D8FCC8FEE}.Release|Any CPU.ActiveCfg = Release|Any CPU
		{4CC95DDA-F317-4548-8959-BB9D8FCC8FEE}.Release|Any CPU.Build.0 = Release|Any CPU
		{63B0A381-9719-49E4-854F-F0BF6E9F9506}.Debug|Any CPU.ActiveCfg = Debug|Any CPU
		{63B0A381-9719-49E4-854F-F0BF6E9F9506}.Debug|Any CPU.Build.0 = Debug|Any CPU
		{63B0A381-9719-49E4-854F-F0BF6E9F9506}.Release|Any CPU.ActiveCfg = Release|Any CPU
		{63B0A381-9719-49E4-854F-F0BF6E9F9506}.Release|Any CPU.Build.0 = Release|Any CPU
	EndGlobalSection
	GlobalSection(SolutionProperties) = preSolution
		HideSolutionNode = FALSE
	EndGlobalSection
EndGlobal
